
Microsoft Visual Studio Solution File, Format Version 12.00
# Visual Studio Version 16
VisualStudioVersion = 16.0.809.9
MinimumVisualStudioVersion = 10.0.40219.1
Project("{FAE04EC0-301F-11D3-BF4B-00C04F79EFBC}") = "Vocabulary.Android", "Vocabulary.Android\Vocabulary.Android.csproj", "{CD051377-78B5-4656-BD72-DB3341EE4AFC}"
EndProject
Project("{FAE04EC0-301F-11D3-BF4B-00C04F79EFBC}") = "Vocabulary.iOS", "Vocabulary.iOS\Vocabulary.iOS.csproj", "{E5F9005C-AE0C-4B07-B519-985948B65AD5}"
EndProject
Project("{FAE04EC0-301F-11D3-BF4B-00C04F79EFBC}") = "Vocabulary", "Vocabulary\Vocabulary.csproj", "{4E946077-E5DC-485A-B2A3-E6AAE7D32700}"
EndProject
Global
	GlobalSection(SolutionConfigurationPlatforms) = preSolution
		Debug|Any CPU = Debug|Any CPU
		Release|Any CPU = Release|Any CPU
		Debug|iPhoneSimulator = Debug|iPhoneSimulator
		Release|iPhoneSimulator = Release|iPhoneSimulator
		Debug|iPhone = Debug|iPhone
		Release|iPhone = Release|iPhone
	EndGlobalSection
	GlobalSection(ProjectConfigurationPlatforms) = postSolution
		{CD051377-78B5-4656-BD72-DB3341EE4AFC}.Debug|Any CPU.ActiveCfg = Debug|Any CPU
		{CD051377-78B5-4656-BD72-DB3341EE4AFC}.Debug|Any CPU.Build.0 = Debug|Any CPU
		{CD051377-78B5-4656-BD72-DB3341EE4AFC}.Release|Any CPU.ActiveCfg = Release|Any CPU
		{CD051377-78B5-4656-BD72-DB3341EE4AFC}.Release|Any CPU.Build.0 = Release|Any CPU
		{CD051377-78B5-4656-BD72-DB3341EE4AFC}.Debug|iPhoneSimulator.ActiveCfg = Debug|Any CPU
		{CD051377-78B5-4656-BD72-DB3341EE4AFC}.Debug|iPhoneSimulator.Build.0 = Debug|Any CPU
		{CD051377-78B5-4656-BD72-DB3341EE4AFC}.Release|iPhoneSimulator.ActiveCfg = Release|Any CPU
		{CD051377-78B5-4656-BD72-DB3341EE4AFC}.Release|iPhoneSimulator.Build.0 = Release|Any CPU
		{CD051377-78B5-4656-BD72-DB3341EE4AFC}.Debug|iPhone.ActiveCfg = Debug|Any CPU
		{CD051377-78B5-4656-BD72-DB3341EE4AFC}.Debug|iPhone.Build.0 = Debug|Any CPU
		{CD051377-78B5-4656-BD72-DB3341EE4AFC}.Release|iPhone.ActiveCfg = Release|Any CPU
		{CD051377-78B5-4656-BD72-DB3341EE4AFC}.Release|iPhone.Build.0 = Release|Any CPU
		{E5F9005C-AE0C-4B07-B519-985948B65AD5}.Debug|Any CPU.ActiveCfg = Debug|iPhoneSimulator
		{E5F9005C-AE0C-4B07-B519-985948B65AD5}.Debug|Any CPU.Build.0 = Debug|iPhoneSimulator
		{E5F9005C-AE0C-4B07-B519-985948B65AD5}.Release|Any CPU.ActiveCfg = Release|iPhoneSimulator
		{E5F9005C-AE0C-4B07-B519-985948B65AD5}.Release|Any CPU.Build.0 = Release|iPhoneSimulator
		{E5F9005C-AE0C-4B07-B519-985948B65AD5}.Debug|iPhoneSimulator.ActiveCfg = Debug|iPhoneSimulator
		{E5F9005C-AE0C-4B07-B519-985948B65AD5}.Debug|iPhoneSimulator.Build.0 = Debug|iPhoneSimulator
		{E5F9005C-AE0C-4B07-B519-985948B65AD5}.Release|iPhoneSimulator.ActiveCfg = Release|iPhoneSimulator
		{E5F9005C-AE0C-4B07-B519-985948B65AD5}.Release|iPhoneSimulator.Build.0 = Release|iPhoneSimulator
		{E5F9005C-AE0C-4B07-B519-985948B65AD5}.Debug|iPhone.ActiveCfg = Debug|iPhone
		{E5F9005C-AE0C-4B07-B519-985948B65AD5}.Debug|iPhone.Build.0 = Debug|iPhone
		{E5F9005C-AE0C-4B07-B519-985948B65AD5}.Release|iPhone.ActiveCfg = Release|iPhone
		{E5F9005C-AE0C-4B07-B519-985948B65AD5}.Release|iPhone.Build.0 = Release|iPhone
		{4E946077-E5DC-485A-B2A3-E6AAE7D32700}.Debug|Any CPU.ActiveCfg = Debug|Any CPU
		{4E946077-E5DC-485A-B2A3-E6AAE7D32700}.Debug|Any CPU.Build.0 = Debug|Any CPU
		{4E946077-E5DC-485A-B2A3-E6AAE7D32700}.Release|Any CPU.ActiveCfg = Release|Any CPU
		{4E946077-E5DC-485A-B2A3-E6AAE7D32700}.Release|Any CPU.Build.0 = Release|Any CPU
		{4E946077-E5DC-485A-B2A3-E6AAE7D32700}.Debug|iPhoneSimulator.ActiveCfg = Debug|Any CPU
		{4E946077-E5DC-485A-B2A3-E6AAE7D32700}.Debug|iPhoneSimulator.Build.0 = Debug|Any CPU
		{4E946077-E5DC-485A-B2A3-E6AAE7D32700}.Release|iPhoneSimulator.ActiveCfg = Release|Any CPU
		{4E946077-E5DC-485A-B2A3-E6AAE7D32700}.Release|iPhoneSimulator.Build.0 = Release|Any CPU
		{4E946077-E5DC-485A-B2A3-E6AAE7D32700}.Debug|iPhone.ActiveCfg = Debug|Any CPU
		{4E946077-E5DC-485A-B2A3-E6AAE7D32700}.Debug|iPhone.Build.0 = Debug|Any CPU
		{4E946077-E5DC-485A-B2A3-E6AAE7D32700}.Release|iPhone.ActiveCfg = Release|Any CPU
		{4E946077-E5DC-485A-B2A3-E6AAE7D32700}.Release|iPhone.Build.0 = Release|Any CPU
	EndGlobalSection
	GlobalSection(SolutionProperties) = preSolution
		HideSolutionNode = FALSE
	EndGlobalSection
	GlobalSection(ExtensibilityGlobals) = postSolution
		SolutionGuid = {1CF739C7-1F89-4A8D-859F-90B0C8489F78}
	EndGlobalSection
EndGlobal
